
Microsoft Visual Studio Solution File, Format Version 12.00
# Visual Studio Version 16
VisualStudioVersion = 16.0.29009.5
MinimumVisualStudioVersion = 10.0.40219.1
Project("{FAE04EC0-301F-11D3-BF4B-00C04F79EFBC}") = "RefitTest.UWP", "RefitTest\RefitTest.UWP\RefitTest.UWP.csproj", "{A34859D7-F2E0-4F81-B35A-FE6CF8849C22}"
EndProject
Project("{FAE04EC0-301F-11D3-BF4B-00C04F79EFBC}") = "RefitTest.Android", "RefitTest\RefitTest.Android\RefitTest.Android.csproj", "{A47BCFC6-50D0-42EB-9CC2-4F35B735A4E0}"
EndProject
Project("{FAE04EC0-301F-11D3-BF4B-00C04F79EFBC}") = "RefitTest.iOS", "RefitTest\RefitTest.iOS\RefitTest.iOS.csproj", "{724FD3DA-4A70-4EBB-83A0-D3F6FFC8837D}"
EndProject
Project("{FAE04EC0-301F-11D3-BF4B-00C04F79EFBC}") = "RefitTest", "RefitTest\RefitTest\RefitTest.csproj", "{43625824-3DFD-49F5-993F-9168A5058FBF}"
EndProject
Global
	GlobalSection(SolutionConfigurationPlatforms) = preSolution
		Debug|Any CPU = Debug|Any CPU
		Debug|ARM = Debug|ARM
		Debug|iPhone = Debug|iPhone
		Debug|iPhoneSimulator = Debug|iPhoneSimulator
		Debug|x64 = Debug|x64
		Debug|x86 = Debug|x86
		Release|Any CPU = Release|Any CPU
		Release|ARM = Release|ARM
		Release|iPhone = Release|iPhone
		Release|iPhoneSimulator = Release|iPhoneSimulator
		Release|x64 = Release|x64
		Release|x86 = Release|x86
	EndGlobalSection
	GlobalSection(ProjectConfigurationPlatforms) = postSolution
		{A34859D7-F2E0-4F81-B35A-FE6CF8849C22}.Debug|Any CPU.ActiveCfg = Debug|x86
		{A34859D7-F2E0-4F81-B35A-FE6CF8849C22}.Debug|Any CPU.Build.0 = Debug|x86
		{A34859D7-F2E0-4F81-B35A-FE6CF8849C22}.Debug|Any CPU.Deploy.0 = Debug|x86
		{A34859D7-F2E0-4F81-B35A-FE6CF8849C22}.Debug|ARM.ActiveCfg = Debug|ARM
		{A34859D7-F2E0-4F81-B35A-FE6CF8849C22}.Debug|ARM.Build.0 = Debug|ARM
		{A34859D7-F2E0-4F81-B35A-FE6CF8849C22}.Debug|ARM.Deploy.0 = Debug|ARM
		{A34859D7-F2E0-4F81-B35A-FE6CF8849C22}.Debug|iPhone.ActiveCfg = Debug|x86
		{A34859D7-F2E0-4F81-B35A-FE6CF8849C22}.Debug|iPhone.Build.0 = Debug|x86
		{A34859D7-F2E0-4F81-B35A-FE6CF8849C22}.Debug|iPhone.Deploy.0 = Debug|x86
		{A34859D7-F2E0-4F81-B35A-FE6CF8849C22}.Debug|iPhoneSimulator.ActiveCfg = Debug|x86
		{A34859D7-F2E0-4F81-B35A-FE6CF8849C22}.Debug|iPhoneSimulator.Build.0 = Debug|x86
		{A34859D7-F2E0-4F81-B35A-FE6CF8849C22}.Debug|iPhoneSimulator.Deploy.0 = Debug|x86
		{A34859D7-F2E0-4F81-B35A-FE6CF8849C22}.Debug|x64.ActiveCfg = Debug|x64
		{A34859D7-F2E0-4F81-B35A-FE6CF8849C22}.Debug|x64.Build.0 = Debug|x64
		{A34859D7-F2E0-4F81-B35A-FE6CF8849C22}.Debug|x64.Deploy.0 = Debug|x64
		{A34859D7-F2E0-4F81-B35A-FE6CF8849C22}.Debug|x86.ActiveCfg = Debug|x86
		{A34859D7-F2E0-4F81-B35A-FE6CF8849C22}.Debug|x86.Build.0 = Debug|x86
		{A34859D7-F2E0-4F81-B35A-FE6CF8849C22}.Debug|x86.Deploy.0 = Debug|x86
		{A34859D7-F2E0-4F81-B35A-FE6CF8849C22}.Release|Any CPU.ActiveCfg = Release|x86
		{A34859D7-F2E0-4F81-B35A-FE6CF8849C22}.Release|Any CPU.Build.0 = Release|x86
		{A34859D7-F2E0-4F81-B35A-FE6CF8849C22}.Release|Any CPU.Deploy.0 = Release|x86
		{A34859D7-F2E0-4F81-B35A-FE6CF8849C22}.Release|ARM.ActiveCfg = Release|ARM
		{A34859D7-F2E0-4F81-B35A-FE6CF8849C22}.Release|ARM.Build.0 = Release|ARM
		{A34859D7-F2E0-4F81-B35A-FE6CF8849C22}.Release|ARM.Deploy.0 = Release|ARM
		{A34859D7-F2E0-4F81-B35A-FE6CF8849C22}.Release|iPhone.ActiveCfg = Release|x86
		{A34859D7-F2E0-4F81-B35A-FE6CF8849C22}.Release|iPhone.Build.0 = Release|x86
		{A34859D7-F2E0-4F81-B35A-FE6CF8849C22}.Release|iPhone.Deploy.0 = Release|x86
		{A34859D7-F2E0-4F81-B35A-FE6CF8849C22}.Release|iPhoneSimulator.ActiveCfg = Release|x86
		{A34859D7-F2E0-4F81-B35A-FE6CF8849C22}.Release|iPhoneSimulator.Build.0 = Release|x86
		{A34859D7-F2E0-4F81-B35A-FE6CF8849C22}.Release|iPhoneSimulator.Deploy.0 = Release|x86
		{A34859D7-F2E0-4F81-B35A-FE6CF8849C22}.Release|x64.ActiveCfg = Release|x64
		{A34859D7-F2E0-4F81-B35A-FE6CF8849C22}.Release|x64.Build.0 = Release|x64
		{A34859D7-F2E0-4F81-B35A-FE6CF8849C22}.Release|x64.Deploy.0 = Release|x64
		{A34859D7-F2E0-4F81-B35A-FE6CF8849C22}.Release|x86.ActiveCfg = Release|x86
		{A34859D7-F2E0-4F81-B35A-FE6CF8849C22}.Release|x86.Build.0 = Release|x86
		{A34859D7-F2E0-4F81-B35A-FE6CF8849C22}.Release|x86.Deploy.0 = Release|x86
		{A47BCFC6-50D0-42EB-9CC2-4F35B735A4E0}.Debug|Any CPU.ActiveCfg = Debug|Any CPU
		{A47BCFC6-50D0-42EB-9CC2-4F35B735A4E0}.Debug|Any CPU.Build.0 = Debug|Any CPU
		{A47BCFC6-50D0-42EB-9CC2-4F35B735A4E0}.Debug|Any CPU.Deploy.0 = Debug|Any CPU
		{A47BCFC6-50D0-42EB-9CC2-4F35B735A4E0}.Debug|ARM.ActiveCfg = Debug|Any CPU
		{A47BCFC6-50D0-42EB-9CC2-4F35B735A4E0}.Debug|ARM.Build.0 = Debug|Any CPU
		{A47BCFC6-50D0-42EB-9CC2-4F35B735A4E0}.Debug|ARM.Deploy.0 = Debug|Any CPU
		{A47BCFC6-50D0-42EB-9CC2-4F35B735A4E0}.Debug|iPhone.ActiveCfg = Debug|Any CPU
		{A47BCFC6-50D0-42EB-9CC2-4F35B735A4E0}.Debug|iPhone.Build.0 = Debug|Any CPU
		{A47BCFC6-50D0-42EB-9CC2-4F35B735A4E0}.Debug|iPhone.Deploy.0 = Debug|Any CPU
		{A47BCFC6-50D0-42EB-9CC2-4F35B735A4E0}.Debug|iPhoneSimulator.ActiveCfg = Debug|Any CPU
		{A47BCFC6-50D0-42EB-9CC2-4F35B735A4E0}.Debug|iPhoneSimulator.Build.0 = Debug|Any CPU
		{A47BCFC6-50D0-42EB-9CC2-4F35B735A4E0}.Debug|iPhoneSimulator.Deploy.0 = Debug|Any CPU
		{A47BCFC6-50D0-42EB-9CC2-4F35B735A4E0}.Debug|x64.ActiveCfg = Debug|Any CPU
		{A47BCFC6-50D0-42EB-9CC2-4F35B735A4E0}.Debug|x64.Build.0 = Debug|Any CPU
		{A47BCFC6-50D0-42EB-9CC2-4F35B735A4E0}.Debug|x64.Deploy.0 = Debug|Any CPU
		{A47BCFC6-50D0-42EB-9CC2-4F35B735A4E0}.Debug|x86.ActiveCfg = Debug|Any CPU
		{A47BCFC6-50D0-42EB-9CC2-4F35B735A4E0}.Debug|x86.Build.0 = Debug|Any CPU
		{A47BCFC6-50D0-42EB-9CC2-4F35B735A4E0}.Debug|x86.Deploy.0 = Debug|Any CPU
		{A47BCFC6-50D0-42EB-9CC2-4F35B735A4E0}.Release|Any CPU.ActiveCfg = Release|Any CPU
		{A47BCFC6-50D0-42EB-9CC2-4F35B735A4E0}.Release|Any CPU.Build.0 = Release|Any CPU
		{A47BCFC6-50D0-42EB-9CC2-4F35B735A4E0}.Release|Any CPU.Deploy.0 = Release|Any CPU
		{A47BCFC6-50D0-42EB-9CC2-4F35B735A4E0}.Release|ARM.ActiveCfg = Release|Any CPU
		{A47BCFC6-50D0-42EB-9CC2-4F35B735A4E0}.Release|ARM.Build.0 = Release|Any CPU
		{A47BCFC6-50D0-42EB-9CC2-4F35B735A4E0}.Release|ARM.Deploy.0 = Release|Any CPU
		{A47BCFC6-50D0-42EB-9CC2-4F35B735A4E0}.Release|iPhone.ActiveCfg = Release|Any CPU
		{A47BCFC6-50D0-42EB-9CC2-4F35B735A4E0}.Release|iPhone.Build.0 = Release|Any CPU
		{A47BCFC6-50D0-42EB-9CC2-4F35B735A4E0}.Release|iPhone.Deploy.0 = Release|Any CPU
		{A47BCFC6-50D0-42EB-9CC2-4F35B735A4E0}.Release|iPhoneSimulator.ActiveCfg = Release|Any CPU
		{A47BCFC6-50D0-42EB-9CC2-4F35B735A4E0}.Release|iPhoneSimulator.Build.0 = Release|Any CPU
		{A47BCFC6-50D0-42EB-9CC2-4F35B735A4E0}.Release|iPhoneSimulator.Deploy.0 = Release|Any CPU
		{A47BCFC6-50D0-42EB-9CC2-4F35B735A4E0}.Release|x64.ActiveCfg = Release|Any CPU
		{A47BCFC6-50D0-42EB-9CC2-4F35B735A4E0}.Release|x64.Build.0 = Release|Any CPU
		{A47BCFC6-50D0-42EB-9CC2-4F35B735A4E0}.Release|x64.Deploy.0 = Release|Any CPU
		{A47BCFC6-50D0-42EB-9CC2-4F35B735A4E0}.Release|x86.ActiveCfg = Release|Any CPU
		{A47BCFC6-50D0-42EB-9CC2-4F35B735A4E0}.Release|x86.Build.0 = Release|Any CPU
		{A47BCFC6-50D0-42EB-9CC2-4F35B735A4E0}.Release|x86.Deploy.0 = Release|Any CPU
		{724FD3DA-4A70-4EBB-83A0-D3F6FFC8837D}.Debug|Any CPU.ActiveCfg = Debug|iPhone
		{724FD3DA-4A70-4EBB-83A0-D3F6FFC8837D}.Debug|Any CPU.Build.0 = Debug|iPhone
		{724FD3DA-4A70-4EBB-83A0-D3F6FFC8837D}.Debug|Any CPU.Deploy.0 = Debug|iPhone
		{724FD3DA-4A70-4EBB-83A0-D3F6FFC8837D}.Debug|ARM.ActiveCfg = Debug|iPhoneSimulator
		{724FD3DA-4A70-4EBB-83A0-D3F6FFC8837D}.Debug|ARM.Build.0 = Debug|iPhoneSimulator
		{724FD3DA-4A70-4EBB-83A0-D3F6FFC8837D}.Debug|ARM.Deploy.0 = Debug|iPhoneSimulator
		{724FD3DA-4A70-4EBB-83A0-D3F6FFC8837D}.Debug|iPhone.ActiveCfg = Debug|iPhone
		{724FD3DA-4A70-4EBB-83A0-D3F6FFC8837D}.Debug|iPhone.Build.0 = Debug|iPhone
		{724FD3DA-4A70-4EBB-83A0-D3F6FFC8837D}.Debug|iPhone.Deploy.0 = Debug|iPhone
		{724FD3DA-4A70-4EBB-83A0-D3F6FFC8837D}.Debug|iPhoneSimulator.ActiveCfg = Debug|iPhoneSimulator
		{724FD3DA-4A70-4EBB-83A0-D3F6FFC8837D}.Debug|iPhoneSimulator.Build.0 = Debug|iPhoneSimulator
		{724FD3DA-4A70-4EBB-83A0-D3F6FFC8837D}.Debug|iPhoneSimulator.Deploy.0 = Debug|iPhoneSimulator
		{724FD3DA-4A70-4EBB-83A0-D3F6FFC8837D}.Debug|x64.ActiveCfg = Debug|iPhone
		{724FD3DA-4A70-4EBB-83A0-D3F6FFC8837D}.Debug|x64.Build.0 = Debug|iPhone
		{724FD3DA-4A70-4EBB-83A0-D3F6FFC8837D}.Debug|x64.Deploy.0 = Debug|iPhone
		{724FD3DA-4A70-4EBB-83A0-D3F6FFC8837D}.Debug|x86.ActiveCfg = Debug|iPhone
		{724FD3DA-4A70-4EBB-83A0-D3F6FFC8837D}.Debug|x86.Build.0 = Debug|iPhone
		{724FD3DA-4A70-4EBB-83A0-D3F6FFC8837D}.Debug|x86.Deploy.0 = Debug|iPhone
		{724FD3DA-4A70-4EBB-83A0-D3F6FFC8837D}.Release|Any CPU.ActiveCfg = Release|iPhone
		{724FD3DA-4A70-4EBB-83A0-D3F6FFC8837D}.Release|Any CPU.Build.0 = Release|iPhone
		{724FD3DA-4A70-4EBB-83A0-D3F6FFC8837D}.Release|Any CPU.Deploy.0 = Release|iPhone
		{724FD3DA-4A70-4EBB-83A0-D3F6FFC8837D}.Release|ARM.ActiveCfg = Release|iPhone
		{724FD3DA-4A70-4EBB-83A0-D3F6FFC8837D}.Release|ARM.Build.0 = Release|iPhone
		{724FD3DA-4A70-4EBB-83A0-D3F6FFC8837D}.Release|ARM.Deploy.0 = Release|iPhone
		{724FD3DA-4A70-4EBB-83A0-D3F6FFC8837D}.Release|iPhone.ActiveCfg = Release|iPhone
		{724FD3DA-4A70-4EBB-83A0-D3F6FFC8837D}.Release|iPhone.Build.0 = Release|iPhone
		{724FD3DA-4A70-4EBB-83A0-D3F6FFC8837D}.Release|iPhone.Deploy.0 = Release|iPhone
		{724FD3DA-4A70-4EBB-83A0-D3F6FFC8837D}.Release|iPhoneSimulator.ActiveCfg = Release|iPhoneSimulator
		{724FD3DA-4A70-4EBB-83A0-D3F6FFC8837D}.Release|iPhoneSimulator.Build.0 = Release|iPhoneSimulator
		{724FD3DA-4A70-4EBB-83A0-D3F6FFC8837D}.Release|iPhoneSimulator.Deploy.0 = Release|iPhoneSimulator
		{724FD3DA-4A70-4EBB-83A0-D3F6FFC8837D}.Release|x64.ActiveCfg = Release|iPhone
		{724FD3DA-4A70-4EBB-83A0-D3F6FFC8837D}.Release|x64.Build.0 = Release|iPhone
		{724FD3DA-4A70-4EBB-83A0-D3F6FFC8837D}.Release|x64.Deploy.0 = Release|iPhone
		{724FD3DA-4A70-4EBB-83A0-D3F6FFC8837D}.Release|x86.ActiveCfg = Release|iPhone
		{724FD3DA-4A70-4EBB-83A0-D3F6FFC8837D}.Release|x86.Build.0 = Release|iPhone
		{724FD3DA-4A70-4EBB-83A0-D3F6FFC8837D}.Release|x86.Deploy.0 = Release|iPhone
		{43625824-3DFD-49F5-993F-9168A5058FBF}.Debug|Any CPU.ActiveCfg = Debug|Any CPU
		{43625824-3DFD-49F5-993F-9168A5058FBF}.Debug|Any CPU.Build.0 = Debug|Any CPU
		{43625824-3DFD-49F5-993F-9168A5058FBF}.Debug|Any CPU.Deploy.0 = Debug|Any CPU
		{43625824-3DFD-49F5-993F-9168A5058FBF}.Debug|ARM.ActiveCfg = Debug|Any CPU
		{43625824-3DFD-49F5-993F-9168A5058FBF}.Debug|ARM.Build.0 = Debug|Any CPU
		{43625824-3DFD-49F5-993F-9168A5058FBF}.Debug|ARM.Deploy.0 = Debug|Any CPU
		{43625824-3DFD-49F5-993F-9168A5058FBF}.Debug|iPhone.ActiveCfg = Debug|Any CPU
		{43625824-3DFD-49F5-993F-9168A5058FBF}.Debug|iPhone.Build.0 = Debug|Any CPU
		{43625824-3DFD-49F5-993F-9168A5058FBF}.Debug|iPhone.Deploy.0 = Debug|Any CPU
		{43625824-3DFD-49F5-993F-9168A5058FBF}.Debug|iPhoneSimulator.ActiveCfg = Debug|Any CPU
		{43625824-3DFD-49F5-993F-9168A5058FBF}.Debug|iPhoneSimulator.Build.0 = Debug|Any CPU
		{43625824-3DFD-49F5-993F-9168A5058FBF}.Debug|iPhoneSimulator.Deploy.0 = Debug|Any CPU
		{43625824-3DFD-49F5-993F-9168A5058FBF}.Debug|x64.ActiveCfg = Debug|Any CPU
		{43625824-3DFD-49F5-993F-9168A5058FBF}.Debug|x64.Build.0 = Debug|Any CPU
		{43625824-3DFD-49F5-993F-9168A5058FBF}.Debug|x64.Deploy.0 = Debug|Any CPU
		{43625824-3DFD-49F5-993F-9168A5058FBF}.Debug|x86.ActiveCfg = Debug|Any CPU
		{43625824-3DFD-49F5-993F-9168A5058FBF}.Debug|x86.Build.0 = Debug|Any CPU
		{43625824-3DFD-49F5-993F-9168A5058FBF}.Debug|x86.Deploy.0 = Debug|Any CPU
		{43625824-3DFD-49F5-993F-9168A5058FBF}.Release|Any CPU.ActiveCfg = Release|Any CPU
		{43625824-3DFD-49F5-993F-9168A5058FBF}.Release|Any CPU.Build.0 = Release|Any CPU
		{43625824-3DFD-49F5-993F-9168A5058FBF}.Release|Any CPU.Deploy.0 = Release|Any CPU
		{43625824-3DFD-49F5-993F-9168A5058FBF}.Release|ARM.ActiveCfg = Release|Any CPU
		{43625824-3DFD-49F5-993F-9168A5058FBF}.Release|ARM.Build.0 = Release|Any CPU
		{43625824-3DFD-49F5-993F-9168A5058FBF}.Release|ARM.Deploy.0 = Release|Any CPU
		{43625824-3DFD-49F5-993F-9168A5058FBF}.Release|iPhone.ActiveCfg = Release|Any CPU
		{43625824-3DFD-49F5-993F-9168A5058FBF}.Release|iPhone.Build.0 = Release|Any CPU
		{43625824-3DFD-49F5-993F-9168A5058FBF}.Release|iPhone.Deploy.0 = Release|Any CPU
		{43625824-3DFD-49F5-993F-9168A5058FBF}.Release|iPhoneSimulator.ActiveCfg = Release|Any CPU
		{43625824-3DFD-49F5-993F-9168A5058FBF}.Release|iPhoneSimulator.Build.0 = Release|Any CPU
		{43625824-3DFD-49F5-993F-9168A5058FBF}.Release|iPhoneSimulator.Deploy.0 = Release|Any CPU
		{43625824-3DFD-49F5-993F-9168A5058FBF}.Release|x64.ActiveCfg = Release|Any CPU
		{43625824-3DFD-49F5-993F-9168A5058FBF}.Release|x64.Build.0 = Release|Any CPU
		{43625824-3DFD-49F5-993F-9168A5058FBF}.Release|x64.Deploy.0 = Release|Any CPU
		{43625824-3DFD-49F5-993F-9168A5058FBF}.Release|x86.ActiveCfg = Release|Any CPU
		{43625824-3DFD-49F5-993F-9168A5058FBF}.Release|x86.Build.0 = Release|Any CPU
		{43625824-3DFD-49F5-993F-9168A5058FBF}.Release|x86.Deploy.0 = Release|Any CPU
	EndGlobalSection
	GlobalSection(SolutionProperties) = preSolution
		HideSolutionNode = FALSE
	EndGlobalSection
	GlobalSection(ExtensibilityGlobals) = postSolution
		SolutionGuid = {B46093A9-E955-4D4E-B925-16645D2870AE}
	EndGlobalSection
EndGlobal
